
Microsoft Visual Studio Solution File, Format Version 11.00
# Visual Web Developer Express 2010
Project("{FAE04EC0-301F-11D3-BF4B-00C04F79EFBC}") = "ContainsUnobtrusiveExample", "ContainsUnobtrusiveExample\ContainsUnobtrusiveExample.csproj", "{DBCF9F16-6094-4F27-B94F-CD7E73F1B4C7}"
EndProject
Global
	GlobalSection(SolutionConfigurationPlatforms) = preSolution
		Debug|Any CPU = Debug|Any CPU
		Release|Any CPU = Release|Any CPU
	EndGlobalSection
	GlobalSection(ProjectConfigurationPlatforms) = postSolution
		{DBCF9F16-6094-4F27-B94F-CD7E73F1B4C7}.Debug|Any CPU.ActiveCfg = Debug|Any CPU
		{DBCF9F16-6094-4F27-B94F-CD7E73F1B4C7}.Debug|Any CPU.Build.0 = Debug|Any CPU
		{DBCF9F16-6094-4F27-B94F-CD7E73F1B4C7}.Release|Any CPU.ActiveCfg = Release|Any CPU
		{DBCF9F16-6094-4F27-B94F-CD7E73F1B4C7}.Release|Any CPU.Build.0 = Release|Any CPU
	EndGlobalSection
	GlobalSection(SolutionProperties) = preSolution
		HideSolutionNode = FALSE
	EndGlobalSection
EndGlobal
